
Microsoft Visual Studio Solution File, Format Version 12.00
# Visual Studio Version 17
VisualStudioVersion = 17.4.33205.214
MinimumVisualStudioVersion = 10.0.40219.1
Project("{9A19103F-16F7-4668-BE54-9A1E7A4F7556}") = "UrnaEletronica", "UrnaEletronica\UrnaEletronica.csproj", "{BE4DC914-24A2-42D2-BAC2-0A9AF9DDCC49}"
EndProject
Project("{9A19103F-16F7-4668-BE54-9A1E7A4F7556}") = "UrnaEletronica.Domains", "UrnaEletronica.Domains\UrnaEletronica.Domains.csproj", "{4F46DD9E-1C3F-4194-B200-DF5419A822A4}"
EndProject
Project("{9A19103F-16F7-4668-BE54-9A1E7A4F7556}") = "UrnaEletronica.Shared", "UrnaEletronica.Shared\UrnaEletronica.Shared.csproj", "{237F6B4E-9204-4F22-BE75-CD1644607DFC}"
EndProject
Project("{9A19103F-16F7-4668-BE54-9A1E7A4F7556}") = "UrnaEletronica.Tests", "UrnaEletronica.Tests\UrnaEletronica.Tests.csproj", "{C333ACFC-16A2-400F-9C04-CBB212CF0202}"
EndProject
Project("{9A19103F-16F7-4668-BE54-9A1E7A4F7556}") = "UrnaEletronica.Infra.Data", "UrnaEletronica.Infra\UrnaEletronica.Infra.Data.csproj", "{89A76FDB-290D-4AA4-B57C-C7B6D4476F32}"
EndProject
Project("{9A19103F-16F7-4668-BE54-9A1E7A4F7556}") = "UrnaEletronica.Infra.CrossCutting.IoC", "UrnaEletronica.Infra.CrossCutting.IoC\UrnaEletronica.Infra.CrossCutting.IoC.csproj", "{EB62331C-4417-438F-AA35-3999B82A7B36}"
EndProject
Project("{9A19103F-16F7-4668-BE54-9A1E7A4F7556}") = "UrnaEletronica.Domain.Core", "UrnaEletronica.Domain.Core\UrnaEletronica.Domain.Core.csproj", "{542146C7-8DB7-4C2A-8452-D0E32DE11796}"
EndProject
Project("{FAE04EC0-301F-11D3-BF4B-00C04F79EFBC}") = "UrnaEletronica.AppServices", "UrnaEletronica.AppServices\UrnaEletronica.AppServices.csproj", "{0C1948ED-219A-4015-A0EA-5733D8DC3BF0}"
EndProject
Global
	GlobalSection(SolutionConfigurationPlatforms) = preSolution
		Debug|Any CPU = Debug|Any CPU
		Release|Any CPU = Release|Any CPU
	EndGlobalSection
	GlobalSection(ProjectConfigurationPlatforms) = postSolution
		{BE4DC914-24A2-42D2-BAC2-0A9AF9DDCC49}.Debug|Any CPU.ActiveCfg = Debug|Any CPU
		{BE4DC914-24A2-42D2-BAC2-0A9AF9DDCC49}.Debug|Any CPU.Build.0 = Debug|Any CPU
		{BE4DC914-24A2-42D2-BAC2-0A9AF9DDCC49}.Release|Any CPU.ActiveCfg = Release|Any CPU
		{BE4DC914-24A2-42D2-BAC2-0A9AF9DDCC49}.Release|Any CPU.Build.0 = Release|Any CPU
		{4F46DD9E-1C3F-4194-B200-DF5419A822A4}.Debug|Any CPU.ActiveCfg = Debug|Any CPU
		{4F46DD9E-1C3F-4194-B200-DF5419A822A4}.Debug|Any CPU.Build.0 = Debug|Any CPU
		{4F46DD9E-1C3F-4194-B200-DF5419A822A4}.Release|Any CPU.ActiveCfg = Release|Any CPU
		{4F46DD9E-1C3F-4194-B200-DF5419A822A4}.Release|Any CPU.Build.0 = Release|Any CPU
		{237F6B4E-9204-4F22-BE75-CD1644607DFC}.Debug|Any CPU.ActiveCfg = Debug|Any CPU
		{237F6B4E-9204-4F22-BE75-CD1644607DFC}.Debug|Any CPU.Build.0 = Debug|Any CPU
		{237F6B4E-9204-4F22-BE75-CD1644607DFC}.Release|Any CPU.ActiveCfg = Release|Any CPU
		{237F6B4E-9204-4F22-BE75-CD1644607DFC}.Release|Any CPU.Build.0 = Release|Any CPU
		{C333ACFC-16A2-400F-9C04-CBB212CF0202}.Debug|Any CPU.ActiveCfg = Debug|Any CPU
		{C333ACFC-16A2-400F-9C04-CBB212CF0202}.Debug|Any CPU.Build.0 = Debug|Any CPU
		{C333ACFC-16A2-400F-9C04-CBB212CF0202}.Release|Any CPU.ActiveCfg = Release|Any CPU
		{C333ACFC-16A2-400F-9C04-CBB212CF0202}.Release|Any CPU.Build.0 = Release|Any CPU
		{89A76FDB-290D-4AA4-B57C-C7B6D4476F32}.Debug|Any CPU.ActiveCfg = Debug|Any CPU
		{89A76FDB-290D-4AA4-B57C-C7B6D4476F32}.Debug|Any CPU.Build.0 = Debug|Any CPU
		{89A76FDB-290D-4AA4-B57C-C7B6D4476F32}.Release|Any CPU.ActiveCfg = Release|Any CPU
		{89A76FDB-290D-4AA4-B57C-C7B6D4476F32}.Release|Any CPU.Build.0 = Release|Any CPU
		{EB62331C-4417-438F-AA35-3999B82A7B36}.Debug|Any CPU.ActiveCfg = Debug|Any CPU
		{EB62331C-4417-438F-AA35-3999B82A7B36}.Debug|Any CPU.Build.0 = Debug|Any CPU
		{EB62331C-4417-438F-AA35-3999B82A7B36}.Release|Any CPU.ActiveCfg = Release|Any CPU
		{EB62331C-4417-438F-AA35-3999B82A7B36}.Release|Any CPU.Build.0 = Release|Any CPU
		{542146C7-8DB7-4C2A-8452-D0E32DE11796}.Debug|Any CPU.ActiveCfg = Debug|Any CPU
		{542146C7-8DB7-4C2A-8452-D0E32DE11796}.Debug|Any CPU.Build.0 = Debug|Any CPU
		{542146C7-8DB7-4C2A-8452-D0E32DE11796}.Release|Any CPU.ActiveCfg = Release|Any CPU
		{542146C7-8DB7-4C2A-8452-D0E32DE11796}.Release|Any CPU.Build.0 = Release|Any CPU
		{0C1948ED-219A-4015-A0EA-5733D8DC3BF0}.Debug|Any CPU.ActiveCfg = Debug|Any CPU
		{0C1948ED-219A-4015-A0EA-5733D8DC3BF0}.Debug|Any CPU.Build.0 = Debug|Any CPU
		{0C1948ED-219A-4015-A0EA-5733D8DC3BF0}.Release|Any CPU.ActiveCfg = Release|Any CPU
		{0C1948ED-219A-4015-A0EA-5733D8DC3BF0}.Release|Any CPU.Build.0 = Release|Any CPU
	EndGlobalSection
	GlobalSection(SolutionProperties) = preSolution
		HideSolutionNode = FALSE
	EndGlobalSection
	GlobalSection(ExtensibilityGlobals) = postSolution
		SolutionGuid = {017719A7-3781-44DF-8CB8-79E7C6C42B9A}
	EndGlobalSection
EndGlobal
